
Microsoft Visual Studio Solution File, Format Version 12.00
# Visual Studio Version 16
VisualStudioVersion = 16.0.28729.10
MinimumVisualStudioVersion = 10.0.40219.1
Project("{FAE04EC0-301F-11D3-BF4B-00C04F79EFBC}") = "SME.Pedagogico.Log", "SME.Pedagogico.Log\SME.Pedagogico.Log.csproj", "{ECC377F3-528F-4F87-BF49-6448AC831119}"
EndProject
Global
	GlobalSection(SolutionConfigurationPlatforms) = preSolution
		Debug|Any CPU = Debug|Any CPU
		Release|Any CPU = Release|Any CPU
	EndGlobalSection
	GlobalSection(ProjectConfigurationPlatforms) = postSolution
		{ECC377F3-528F-4F87-BF49-6448AC831119}.Debug|Any CPU.ActiveCfg = Debug|Any CPU
		{ECC377F3-528F-4F87-BF49-6448AC831119}.Debug|Any CPU.Build.0 = Debug|Any CPU
		{ECC377F3-528F-4F87-BF49-6448AC831119}.Release|Any CPU.ActiveCfg = Release|Any CPU
		{ECC377F3-528F-4F87-BF49-6448AC831119}.Release|Any CPU.Build.0 = Release|Any CPU
	EndGlobalSection
	GlobalSection(SolutionProperties) = preSolution
		HideSolutionNode = FALSE
	EndGlobalSection
	GlobalSection(ExtensibilityGlobals) = postSolution
		SolutionGuid = {FA855F05-D1C0-4866-BB9D-A4FF168CFF75}
	EndGlobalSection
EndGlobal
